
Microsoft Visual Studio Solution File, Format Version 12.00
# Visual Studio Version 16
VisualStudioVersion = 16.0.31005.135
MinimumVisualStudioVersion = 10.0.40219.1
Project("{FAE04EC0-301F-11D3-BF4B-00C04F79EFBC}") = "Contacts.UI", "Contacts.UI\Contacts.UI.csproj", "{C036964C-08B2-49C7-902D-0A9C6CFDBC26}"
EndProject
Project("{FAE04EC0-301F-11D3-BF4B-00C04F79EFBC}") = "Contacts.DataAccess", "Contacts.DataAccess\Contacts.DataAccess.csproj", "{155D8DF6-F3BC-47FC-8C05-CAC3C1C97896}"
EndProject
Project("{FAE04EC0-301F-11D3-BF4B-00C04F79EFBC}") = "Contacts.Model", "Contacts.Model\Contacts.Model.csproj", "{B83D1FC2-B77F-4029-B915-0D67EF0BDD41}"
EndProject
Global
	GlobalSection(SolutionConfigurationPlatforms) = preSolution
		Debug|Any CPU = Debug|Any CPU
		Release|Any CPU = Release|Any CPU
	EndGlobalSection
	GlobalSection(ProjectConfigurationPlatforms) = postSolution
		{C036964C-08B2-49C7-902D-0A9C6CFDBC26}.Debug|Any CPU.ActiveCfg = Debug|Any CPU
		{C036964C-08B2-49C7-902D-0A9C6CFDBC26}.Debug|Any CPU.Build.0 = Debug|Any CPU
		{C036964C-08B2-49C7-902D-0A9C6CFDBC26}.Release|Any CPU.ActiveCfg = Release|Any CPU
		{C036964C-08B2-49C7-902D-0A9C6CFDBC26}.Release|Any CPU.Build.0 = Release|Any CPU
		{155D8DF6-F3BC-47FC-8C05-CAC3C1C97896}.Debug|Any CPU.ActiveCfg = Debug|Any CPU
		{155D8DF6-F3BC-47FC-8C05-CAC3C1C97896}.Debug|Any CPU.Build.0 = Debug|Any CPU
		{155D8DF6-F3BC-47FC-8C05-CAC3C1C97896}.Release|Any CPU.ActiveCfg = Release|Any CPU
		{155D8DF6-F3BC-47FC-8C05-CAC3C1C97896}.Release|Any CPU.Build.0 = Release|Any CPU
		{B83D1FC2-B77F-4029-B915-0D67EF0BDD41}.Debug|Any CPU.ActiveCfg = Debug|Any CPU
		{B83D1FC2-B77F-4029-B915-0D67EF0BDD41}.Debug|Any CPU.Build.0 = Debug|Any CPU
		{B83D1FC2-B77F-4029-B915-0D67EF0BDD41}.Release|Any CPU.ActiveCfg = Release|Any CPU
		{B83D1FC2-B77F-4029-B915-0D67EF0BDD41}.Release|Any CPU.Build.0 = Release|Any CPU
	EndGlobalSection
	GlobalSection(SolutionProperties) = preSolution
		HideSolutionNode = FALSE
	EndGlobalSection
	GlobalSection(ExtensibilityGlobals) = postSolution
		SolutionGuid = {420316E5-1195-4890-9056-CBFA3577E052}
	EndGlobalSection
EndGlobal
